
Microsoft Visual Studio Solution File, Format Version 12.00
# Visual Studio Version 16
VisualStudioVersion = 16.0.28917.181
MinimumVisualStudioVersion = 10.0.40219.1
Project("{8BC9CEB8-8B4A-11D0-8D11-00A0C91BC942}") = "regalia", "regalia\regalia.vcxproj", "{DB3E2CD1-806A-4AEF-81A5-6BEC1CD09B87}"
EndProject
Global
	GlobalSection(SolutionConfigurationPlatforms) = preSolution
		Debug|x64 = Debug|x64
		Debug|x86 = Debug|x86
		Release|x64 = Release|x64
		Release|x86 = Release|x86
	EndGlobalSection
	GlobalSection(ProjectConfigurationPlatforms) = postSolution
		{DB3E2CD1-806A-4AEF-81A5-6BEC1CD09B87}.Debug|x64.ActiveCfg = Debug|x64
		{DB3E2CD1-806A-4AEF-81A5-6BEC1CD09B87}.Debug|x64.Build.0 = Debug|x64
		{DB3E2CD1-806A-4AEF-81A5-6BEC1CD09B87}.Debug|x86.ActiveCfg = Debug|Win32
		{DB3E2CD1-806A-4AEF-81A5-6BEC1CD09B87}.Debug|x86.Build.0 = Debug|Win32
		{DB3E2CD1-806A-4AEF-81A5-6BEC1CD09B87}.Release|x64.ActiveCfg = Release|x64
		{DB3E2CD1-806A-4AEF-81A5-6BEC1CD09B87}.Release|x64.Build.0 = Release|x64
		{DB3E2CD1-806A-4AEF-81A5-6BEC1CD09B87}.Release|x86.ActiveCfg = Release|Win32
		{DB3E2CD1-806A-4AEF-81A5-6BEC1CD09B87}.Release|x86.Build.0 = Release|Win32
	EndGlobalSection
	GlobalSection(SolutionProperties) = preSolution
		HideSolutionNode = FALSE
	EndGlobalSection
	GlobalSection(ExtensibilityGlobals) = postSolution
		SolutionGuid = {CD44B744-FCDE-4D55-9778-E6CBE96C6157}
	EndGlobalSection
EndGlobal
