<?xml version="1.0" encoding="utf-8"?>
<Project ToolsVersion="4.0" xmlns="http://schemas.microsoft.com/developer/msbuild/2003">
  <ItemGroup>
    <ClCompile Include="include\Circle.cpp" />
    <ClCompile Include="include\FrameInfo.h" />
    <ClCompile Include="src\Gamepad.cpp" />
    <ClCompile Include="src\Player.cpp" />
    <ClCompile Include="src\Bullet.cpp" />
    <ClCompile Include="src\Camera.cpp" />
    <ClCompile Include="src\CameraFollower.cpp" />
    <ClCompile Include="src\Collider.cpp" />
    <ClCompile Include="src\Component.cpp" />
    <ClCompile Include="src\CreditState.cpp" />
    <ClCompile Include="src\Game.cpp" />
    <ClCompile Include="src\GameData.cpp" />
    <ClCompile Include="src\GameObject.cpp" />
    <ClCompile Include="src\InputManager.cpp" />
    <ClCompile Include="src\Logger.cpp" />
    <ClCompile Include="src\main.cpp" />
    <ClCompile Include="src\MenuState.cpp" />
    <ClCompile Include="src\Music.cpp" />
    <ClCompile Include="src\pch.cpp" />
    <ClCompile Include="src\PlayState.cpp" />
    <ClCompile Include="src\Rect.cpp" />
    <ClCompile Include="src\Resources.cpp" />
    <ClCompile Include="src\ScoreState.cpp" />
    <ClCompile Include="src\Sound.cpp" />
    <ClCompile Include="src\Sprite.cpp" />
    <ClCompile Include="src\State.cpp" />
    <ClCompile Include="src\StoryState.cpp" />
    <ClCompile Include="src\Text.cpp" />
    <ClCompile Include="src\TileMap.cpp" />
    <ClCompile Include="src\TileSet.cpp" />
    <ClCompile Include="src\Timer.cpp" />
    <ClCompile Include="src\Vec2.cpp" />
    <ClCompile Include="include\CollisionBox.cpp" />
    <ClCompile Include="include\CollisionDisc.cpp" />
  </ItemGroup>
  <ItemGroup>
    <ClInclude Include="include\Bullet.h" />
    <ClInclude Include="include\Camera.h" />
    <ClInclude Include="include\CameraFollower.h" />
    <ClInclude Include="include\Circle.h" />
    <ClInclude Include="include\Collider.h" />
    <ClInclude Include="include\Collision.h" />
    <ClInclude Include="include\Component.h" />
    <ClInclude Include="include\Constants.h" />
    <ClInclude Include="include\CreditState.h" />
    <ClInclude Include="include\Game.h" />
    <ClInclude Include="include\GameData.h" />
    <ClInclude Include="include\GameObject.h" />
    <ClInclude Include="include\Gamepad.h" />
    <ClInclude Include="include\InputManager.h" />
    <ClInclude Include="include\Logger.h" />
    <ClInclude Include="include\MenuState.h" />
    <ClInclude Include="include\Music.h" />
    <ClInclude Include="include\pch.h" />
    <ClInclude Include="include\PlayState.h" />
    <ClInclude Include="include\Rect.h" />
    <ClInclude Include="include\Resources.h" />
    <ClInclude Include="include\Sound.h" />
    <ClInclude Include="include\Sprite.h" />
    <ClInclude Include="include\State.h" />
    <ClInclude Include="include\StoryState.h" />
    <ClInclude Include="include\Text.h" />
    <ClInclude Include="include\TileMap.h" />
    <ClInclude Include="include\TileSet.h" />
    <ClInclude Include="include\Interfaces.h" />
    <ClInclude Include="include\Timer.h" />
    <ClInclude Include="include\Vec2.h" />
    <ClInclude Include="include\Player.h" />
    <ClInclude Include="include\ScoreState.h" />
    <ClInclude Include="include\CollisionShape.h" />
    <ClInclude Include="include\CollisionBox.h" />
    <ClInclude Include="include\CollisionDisc.h" />
  </ItemGroup>
  <ItemGroup>
    <Image Include="assets\img\mister_n_spritesheet.png" />
    <Image Include="assets\img\tileSetSample.png" />
    <Image Include="assets\img\tileSet_01.png" />
  </ItemGroup>
  <ItemGroup>
    <None Include="packages.config" />
  </ItemGroup>
  <ItemGroup>
    <Text Include="assets\map\00.txt" />
    <Text Include="assets\map\01.txt" />
    <Text Include="assets\map\02.txt" />
    <Text Include="assets\map\03.txt" />
    <Text Include="assets\map\04.txt" />
    <Text Include="assets\map\05.txt" />
  </ItemGroup>
</Project>